
Microsoft Visual Studio Solution File, Format Version 12.00
# Visual Studio 15
VisualStudioVersion = 15.0.28307.2092
MinimumVisualStudioVersion = 10.0.40219.1
Project("{FAE04EC0-301F-11D3-BF4B-00C04F79EFBC}") = "ArrayPairEqualsNumber", "ArrayPairEqualsNumber\ArrayPairEqualsNumber.csproj", "{CBBAC2F0-3A68-4818-9A3B-E8264CDEF897}"
EndProject
Global
	GlobalSection(SolutionConfigurationPlatforms) = preSolution
		Debug|Any CPU = Debug|Any CPU
		Release|Any CPU = Release|Any CPU
	EndGlobalSection
	GlobalSection(ProjectConfigurationPlatforms) = postSolution
		{CBBAC2F0-3A68-4818-9A3B-E8264CDEF897}.Debug|Any CPU.ActiveCfg = Debug|Any CPU
		{CBBAC2F0-3A68-4818-9A3B-E8264CDEF897}.Debug|Any CPU.Build.0 = Debug|Any CPU
		{CBBAC2F0-3A68-4818-9A3B-E8264CDEF897}.Release|Any CPU.ActiveCfg = Release|Any CPU
		{CBBAC2F0-3A68-4818-9A3B-E8264CDEF897}.Release|Any CPU.Build.0 = Release|Any CPU
	EndGlobalSection
	GlobalSection(SolutionProperties) = preSolution
		HideSolutionNode = FALSE
	EndGlobalSection
	GlobalSection(ExtensibilityGlobals) = postSolution
		SolutionGuid = {D1FC8189-8FBA-4484-9A0A-47A7298FE4B4}
	EndGlobalSection
EndGlobal
